# THIS IS AN AUTOGENERATED FILE. DO NOT EDIT THIS FILE DIRECTLY.
# yarn lockfile v1


"@bpmn-io/cm-theme@^0.1.0-alpha.2":
  version "0.1.0-alpha.2"
  resolved "https://registry.npmjs.org/@bpmn-io/cm-theme/-/cm-theme-0.1.0-alpha.2.tgz"
  dependencies:
    "@codemirror/language" "^6.3.1"
    "@codemirror/view" "^6.5.1"
    "@lezer/highlight" "^1.1.4"

"@bpmn-io/diagram-js-ui@^0.2.2":
  version "0.2.2"
  resolved "https://registry.npmjs.org/@bpmn-io/diagram-js-ui/-/diagram-js-ui-0.2.2.tgz"
  dependencies:
    htm "^3.1.1"
    preact "^10.11.2"

"@bpmn-io/extract-process-variables@^0.8.0":
  version "0.8.0"
  resolved "https://registry.npmjs.org/@bpmn-io/extract-process-variables/-/extract-process-variables-0.8.0.tgz"
  dependencies:
    min-dash "^4.0.0"

"@bpmn-io/feel-editor@^1.2.0":
  version "1.2.0"
  resolved "https://registry.npmjs.org/@bpmn-io/feel-editor/-/feel-editor-1.2.0.tgz"
  dependencies:
    "@bpmn-io/feel-lint" "^1.2.0"
    "@codemirror/autocomplete" "^6.12.0"
    "@codemirror/commands" "^6.3.3"
    "@codemirror/language" "^6.10.0"
    "@codemirror/lint" "^6.4.2"
    "@codemirror/state" "^6.4.0"
    "@codemirror/view" "^6.23.0"
    "@lezer/highlight" "^1.2.0"
    lang-feel "^2.0.0"
    min-dom "^4.1.0"

"@bpmn-io/feel-lint@^1.2.0":
  version "1.2.0"
  resolved "https://registry.npmjs.org/@bpmn-io/feel-lint/-/feel-lint-1.2.0.tgz"
  dependencies:
    "@codemirror/language" "^6.8.0"
    lezer-feel "^1.2.3"

"@bpmn-io/properties-panel@^3.18.1":
  version "3.18.1"
  resolved "https://registry.npmjs.org/@bpmn-io/properties-panel/-/properties-panel-3.18.1.tgz"
  dependencies:
    "@bpmn-io/feel-editor" "^1.2.0"
    "@codemirror/view" "^6.14.0"
    classnames "^2.3.1"
    feelers "^1.3.0"
    focus-trap "^7.5.2"
    min-dash "^4.1.1"
    min-dom "^4.0.3"

"@codemirror/autocomplete@^6.10.1", "@codemirror/autocomplete@^6.12.0", "@codemirror/autocomplete@^6.9.1":
  version "6.12.0"
  resolved "https://registry.npmjs.org/@codemirror/autocomplete/-/autocomplete-6.12.0.tgz"
  dependencies:
    "@codemirror/language" "^6.0.0"
    "@codemirror/state" "^6.0.0"
    "@codemirror/view" "^6.17.0"
    "@lezer/common" "^1.0.0"

"@codemirror/commands@^6.3.0", "@codemirror/commands@^6.3.3":
  version "6.3.3"
  resolved "https://registry.npmjs.org/@codemirror/commands/-/commands-6.3.3.tgz"
  dependencies:
    "@codemirror/language" "^6.0.0"
    "@codemirror/state" "^6.4.0"
    "@codemirror/view" "^6.0.0"
    "@lezer/common" "^1.1.0"

"@codemirror/language@^6.0.0", "@codemirror/language@^6.10.0", "@codemirror/language@^6.3.1", "@codemirror/language@^6.8.0", "@codemirror/language@^6.9.1":
  version "6.10.1"
  resolved "https://registry.npmjs.org/@codemirror/language/-/language-6.10.1.tgz"
  dependencies:
    "@codemirror/state" "^6.0.0"
    "@codemirror/view" "^6.23.0"
    "@lezer/common" "^1.1.0"
    "@lezer/highlight" "^1.0.0"
    "@lezer/lr" "^1.0.0"
    style-mod "^4.0.0"

"@codemirror/lint@^6.4.2":
  version "6.5.0"
  resolved "https://registry.npmjs.org/@codemirror/lint/-/lint-6.5.0.tgz"
  dependencies:
    "@codemirror/state" "^6.0.0"
    "@codemirror/view" "^6.0.0"
    crelt "^1.0.5"

"@codemirror/state@^6.0.0", "@codemirror/state@^6.2.1", "@codemirror/state@^6.3.0", "@codemirror/state@^6.4.0":
  version "6.4.0"
  resolved "https://registry.npmjs.org/@codemirror/state/-/state-6.4.0.tgz"

"@codemirror/view@^6.0.0", "@codemirror/view@^6.14.0", "@codemirror/view@^6.17.0", "@codemirror/view@^6.21.0", "@codemirror/view@^6.21.3", "@codemirror/view@^6.23.0", "@codemirror/view@^6.5.1":
  version "6.24.0"
  resolved "https://registry.npmjs.org/@codemirror/view/-/view-6.24.0.tgz"
  dependencies:
    "@codemirror/state" "^6.4.0"
    style-mod "^4.1.0"
    w3c-keyname "^2.2.4"

"@esbuild/aix-ppc64@0.20.1":
  version "0.20.1"
  resolved "https://registry.yarnpkg.com/@esbuild/aix-ppc64/-/aix-ppc64-0.20.1.tgz#eafa8775019b3650a77e8310ba4dbd17ca7af6d5"

"@esbuild/android-arm64@0.20.1":
  version "0.20.1"
  resolved "https://registry.yarnpkg.com/@esbuild/android-arm64/-/android-arm64-0.20.1.tgz#68791afa389550736f682c15b963a4f37ec2f5f6"

"@esbuild/android-arm@0.20.1":
  version "0.20.1"
  resolved "https://registry.yarnpkg.com/@esbuild/android-arm/-/android-arm-0.20.1.tgz#38c91d8ee8d5196f7fbbdf4f0061415dde3a473a"

"@esbuild/android-x64@0.20.1":
  version "0.20.1"
  resolved "https://registry.yarnpkg.com/@esbuild/android-x64/-/android-x64-0.20.1.tgz#93f6190ce997b313669c20edbf3645fc6c8d8f22"

"@esbuild/darwin-arm64@0.20.1":
  version "0.20.1"
  resolved "https://registry.yarnpkg.com/@esbuild/darwin-arm64/-/darwin-arm64-0.20.1.tgz#0d391f2e81fda833fe609182cc2fbb65e03a3c46"

"@esbuild/darwin-x64@0.20.1":
  version "0.20.1"
  resolved "https://registry.yarnpkg.com/@esbuild/darwin-x64/-/darwin-x64-0.20.1.tgz#92504077424584684862f483a2242cfde4055ba2"

"@esbuild/freebsd-arm64@0.20.1":
  version "0.20.1"
  resolved "https://registry.yarnpkg.com/@esbuild/freebsd-arm64/-/freebsd-arm64-0.20.1.tgz#a1646fa6ba87029c67ac8a102bb34384b9290774"

"@esbuild/freebsd-x64@0.20.1":
  version "0.20.1"
  resolved "https://registry.yarnpkg.com/@esbuild/freebsd-x64/-/freebsd-x64-0.20.1.tgz#41c9243ab2b3254ea7fb512f71ffdb341562e951"

"@esbuild/linux-arm64@0.20.1":
  version "0.20.1"
  resolved "https://registry.yarnpkg.com/@esbuild/linux-arm64/-/linux-arm64-0.20.1.tgz#f3c1e1269fbc9eedd9591a5bdd32bf707a883156"

"@esbuild/linux-arm@0.20.1":
  version "0.20.1"
  resolved "https://registry.yarnpkg.com/@esbuild/linux-arm/-/linux-arm-0.20.1.tgz#4503ca7001a8ee99589c072801ce9d7540717a21"

"@esbuild/linux-ia32@0.20.1":
  version "0.20.1"
  resolved "https://registry.yarnpkg.com/@esbuild/linux-ia32/-/linux-ia32-0.20.1.tgz#98c474e3e0cbb5bcbdd8561a6e65d18f5767ce48"

"@esbuild/linux-loong64@0.20.1":
  version "0.20.1"
  resolved "https://registry.yarnpkg.com/@esbuild/linux-loong64/-/linux-loong64-0.20.1.tgz#a8097d28d14b9165c725fe58fc438f80decd2f33"

"@esbuild/linux-mips64el@0.20.1":
  version "0.20.1"
  resolved "https://registry.yarnpkg.com/@esbuild/linux-mips64el/-/linux-mips64el-0.20.1.tgz#c44f6f0d7d017c41ad3bb15bfdb69b690656b5ea"

"@esbuild/linux-ppc64@0.20.1":
  version "0.20.1"
  resolved "https://registry.yarnpkg.com/@esbuild/linux-ppc64/-/linux-ppc64-0.20.1.tgz#0765a55389a99237b3c84227948c6e47eba96f0d"

"@esbuild/linux-riscv64@0.20.1":
  version "0.20.1"
  resolved "https://registry.yarnpkg.com/@esbuild/linux-riscv64/-/linux-riscv64-0.20.1.tgz#e4153b032288e3095ddf4c8be07893781b309a7e"

"@esbuild/linux-s390x@0.20.1":
  version "0.20.1"
  resolved "https://registry.yarnpkg.com/@esbuild/linux-s390x/-/linux-s390x-0.20.1.tgz#b9ab8af6e4b73b26d63c1c426d7669a5d53eb5a7"

"@esbuild/linux-x64@0.20.1":
  version "0.20.1"
  resolved "https://registry.yarnpkg.com/@esbuild/linux-x64/-/linux-x64-0.20.1.tgz#0b25da17ac38c3e11cdd06ca3691d4d6bef2755f"

"@esbuild/netbsd-x64@0.20.1":
  version "0.20.1"
  resolved "https://registry.yarnpkg.com/@esbuild/netbsd-x64/-/netbsd-x64-0.20.1.tgz#3148e48406cd0d4f7ba1e0bf3f4d77d548c98407"

"@esbuild/openbsd-x64@0.20.1":
  version "0.20.1"
  resolved "https://registry.yarnpkg.com/@esbuild/openbsd-x64/-/openbsd-x64-0.20.1.tgz#7b73e852986a9750192626d377ac96ac2b749b76"

"@esbuild/sunos-x64@0.20.1":
  version "0.20.1"
  resolved "https://registry.yarnpkg.com/@esbuild/sunos-x64/-/sunos-x64-0.20.1.tgz#402a441cdac2eee98d8be378c7bc23e00c1861c5"

"@esbuild/win32-arm64@0.20.1":
  version "0.20.1"
  resolved "https://registry.yarnpkg.com/@esbuild/win32-arm64/-/win32-arm64-0.20.1.tgz#36c4e311085806a6a0c5fc54d1ac4d7b27e94d7b"

"@esbuild/win32-ia32@0.20.1":
  version "0.20.1"
  resolved "https://registry.yarnpkg.com/@esbuild/win32-ia32/-/win32-ia32-0.20.1.tgz#0cf933be3fb9dc58b45d149559fe03e9e22b54fe"

"@esbuild/win32-x64@0.20.1":
  version "0.20.1"
  resolved "https://registry.yarnpkg.com/@esbuild/win32-x64/-/win32-x64-0.20.1.tgz#77583b6ea54cee7c1410ebbd54051b6a3fcbd8ba"

"@lezer/common@^1.0.0", "@lezer/common@^1.1.0", "@lezer/common@^1.1.2":
  version "1.2.1"
  resolved "https://registry.npmjs.org/@lezer/common/-/common-1.2.1.tgz"

"@lezer/highlight@^1.0.0", "@lezer/highlight@^1.1.4", "@lezer/highlight@^1.1.6", "@lezer/highlight@^1.2.0":
  version "1.2.0"
  resolved "https://registry.npmjs.org/@lezer/highlight/-/highlight-1.2.0.tgz"
  dependencies:
    "@lezer/common" "^1.0.0"

"@lezer/lr@^1.0.0", "@lezer/lr@^1.3.13", "@lezer/lr@^1.3.9", "@lezer/lr@^1.4.0":
  version "1.4.0"
  resolved "https://registry.npmjs.org/@lezer/lr/-/lr-1.4.0.tgz"
  dependencies:
    "@lezer/common" "^1.0.0"

"@lezer/markdown@^1.1.0":
  version "1.2.0"
  resolved "https://registry.npmjs.org/@lezer/markdown/-/markdown-1.2.0.tgz"
  dependencies:
    "@lezer/common" "^1.0.0"
    "@lezer/highlight" "^1.0.0"

"@nodelib/fs.scandir@2.1.5":
  version "2.1.5"
  resolved "https://registry.npmjs.org/@nodelib/fs.scandir/-/fs.scandir-2.1.5.tgz"
  dependencies:
    "@nodelib/fs.stat" "2.0.5"
    run-parallel "^1.1.9"

"@nodelib/fs.stat@2.0.5", "@nodelib/fs.stat@^2.0.2":
  version "2.0.5"
  resolved "https://registry.npmjs.org/@nodelib/fs.stat/-/fs.stat-2.0.5.tgz"

"@nodelib/fs.walk@^1.2.3":
  version "1.2.8"
  resolved "https://registry.npmjs.org/@nodelib/fs.walk/-/fs.walk-1.2.8.tgz"
  dependencies:
    "@nodelib/fs.scandir" "2.1.5"
    fastq "^1.6.0"

"@types/codemirror@5.60.8":
  version "5.60.8"
  resolved "https://registry.npmjs.org/@types/codemirror/-/codemirror-5.60.8.tgz"
  dependencies:
    "@types/tern" "*"

"@types/estree@*":
  version "1.0.2"
  resolved "https://registry.npmjs.org/@types/estree/-/estree-1.0.2.tgz"

"@types/json-schema@^7.0.9":
  version "7.0.13"
  resolved "https://registry.npmjs.org/@types/json-schema/-/json-schema-7.0.13.tgz"

"@types/node@^20.11.25":
  version "20.11.25"
  resolved "https://registry.yarnpkg.com/@types/node/-/node-20.11.25.tgz#0f50d62f274e54dd7a49f7704cc16bfbcccaf49f"
  dependencies:
    undici-types "~5.26.4"

"@types/tern@*":
  version "0.23.5"
  resolved "https://registry.npmjs.org/@types/tern/-/tern-0.23.5.tgz"
  dependencies:
    "@types/estree" "*"

"@typescript-eslint/eslint-plugin@5.29.0":
  version "5.29.0"
  resolved "https://registry.npmjs.org/@typescript-eslint/eslint-plugin/-/eslint-plugin-5.29.0.tgz"
  dependencies:
    "@typescript-eslint/scope-manager" "5.29.0"
    "@typescript-eslint/type-utils" "5.29.0"
    "@typescript-eslint/utils" "5.29.0"
    debug "^4.3.4"
    functional-red-black-tree "^1.0.1"
    ignore "^5.2.0"
    regexpp "^3.2.0"
    semver "^7.3.7"
    tsutils "^3.21.0"

"@typescript-eslint/parser@5.29.0":
  version "5.29.0"
  resolved "https://registry.npmjs.org/@typescript-eslint/parser/-/parser-5.29.0.tgz"
  dependencies:
    "@typescript-eslint/scope-manager" "5.29.0"
    "@typescript-eslint/types" "5.29.0"
    "@typescript-eslint/typescript-estree" "5.29.0"
    debug "^4.3.4"

"@typescript-eslint/scope-manager@5.29.0":
  version "5.29.0"
  resolved "https://registry.npmjs.org/@typescript-eslint/scope-manager/-/scope-manager-5.29.0.tgz"
  dependencies:
    "@typescript-eslint/types" "5.29.0"
    "@typescript-eslint/visitor-keys" "5.29.0"

"@typescript-eslint/type-utils@5.29.0":
  version "5.29.0"
  resolved "https://registry.npmjs.org/@typescript-eslint/type-utils/-/type-utils-5.29.0.tgz"
  dependencies:
    "@typescript-eslint/utils" "5.29.0"
    debug "^4.3.4"
    tsutils "^3.21.0"

"@typescript-eslint/types@5.29.0":
  version "5.29.0"
  resolved "https://registry.npmjs.org/@typescript-eslint/types/-/types-5.29.0.tgz"

"@typescript-eslint/typescript-estree@5.29.0":
  version "5.29.0"
  resolved "https://registry.npmjs.org/@typescript-eslint/typescript-estree/-/typescript-estree-5.29.0.tgz"
  dependencies:
    "@typescript-eslint/types" "5.29.0"
    "@typescript-eslint/visitor-keys" "5.29.0"
    debug "^4.3.4"
    globby "^11.1.0"
    is-glob "^4.0.3"
    semver "^7.3.7"
    tsutils "^3.21.0"

"@typescript-eslint/utils@5.29.0":
  version "5.29.0"
  resolved "https://registry.npmjs.org/@typescript-eslint/utils/-/utils-5.29.0.tgz"
  dependencies:
    "@types/json-schema" "^7.0.9"
    "@typescript-eslint/scope-manager" "5.29.0"
    "@typescript-eslint/types" "5.29.0"
    "@typescript-eslint/typescript-estree" "5.29.0"
    eslint-scope "^5.1.1"
    eslint-utils "^3.0.0"

"@typescript-eslint/visitor-keys@5.29.0":
  version "5.29.0"
  resolved "https://registry.npmjs.org/@typescript-eslint/visitor-keys/-/visitor-keys-5.29.0.tgz"
  dependencies:
    "@typescript-eslint/types" "5.29.0"
    eslint-visitor-keys "^3.3.0"

array-move@^4.0.0:
  version "4.0.0"
  resolved "https://registry.npmjs.org/array-move/-/array-move-4.0.0.tgz"

array-union@^2.1.0:
  version "2.1.0"
  resolved "https://registry.npmjs.org/array-union/-/array-union-2.1.0.tgz"

bpmn-js-color-picker@^0.7.0:
  version "0.7.0"
  resolved "https://registry.npmjs.org/bpmn-js-color-picker/-/bpmn-js-color-picker-0.7.0.tgz"

bpmn-js-properties-panel@^5.12.0:
  version "5.12.0"
  resolved "https://registry.yarnpkg.com/bpmn-js-properties-panel/-/bpmn-js-properties-panel-5.12.0.tgz#f373c9bc12d9d58814befb7c4196df52fe259734"
  dependencies:
    "@bpmn-io/extract-process-variables" "^0.8.0"
    array-move "^4.0.0"
    ids "^1.0.5"
    min-dash "^4.2.1"
    min-dom "^4.1.0"

bpmn-js-token-simulation@^0.33.1:
  version "0.33.1"
  resolved "https://registry.yarnpkg.com/bpmn-js-token-simulation/-/bpmn-js-token-simulation-0.33.1.tgz#6ece45041e817da3b3222b1306843f0d822ca5ba"
  dependencies:
    inherits-browser "^0.1.0"
    min-dash "^4.0.0"
    min-dom "^4.0.3"
    randomcolor "^0.6.2"

bpmn-js@^17.0.2:
  version "17.0.2"
  resolved "https://registry.npmjs.org/bpmn-js/-/bpmn-js-17.0.2.tgz"
  dependencies:
    bpmn-moddle "^8.1.0"
    diagram-js "^14.0.0"
    diagram-js-direct-editing "^2.1.1"
    ids "^1.0.5"
    inherits-browser "^0.1.0"
    min-dash "^4.1.1"
    min-dom "^4.0.3"
    tiny-svg "^3.0.0"

bpmn-moddle@^8.1.0:
  version "8.1.0"
  resolved "https://registry.npmjs.org/bpmn-moddle/-/bpmn-moddle-8.1.0.tgz"
  dependencies:
    min-dash "^4.0.0"
    moddle "^6.2.3"
    moddle-xml "^10.1.0"

braces@^3.0.2:
  version "3.0.2"
  resolved "https://registry.npmjs.org/braces/-/braces-3.0.2.tgz"
  dependencies:
    fill-range "^7.0.1"

builtin-modules@3.3.0:
  version "3.3.0"
  resolved "https://registry.npmjs.org/builtin-modules/-/builtin-modules-3.3.0.tgz"

classnames@^2.3.1:
  version "2.3.2"
  resolved "https://registry.npmjs.org/classnames/-/classnames-2.3.2.tgz"

clsx@^2.1.0:
  version "2.1.0"
  resolved "https://registry.npmjs.org/clsx/-/clsx-2.1.0.tgz"

component-event@^0.2.1:
  version "0.2.1"
  resolved "https://registry.npmjs.org/component-event/-/component-event-0.2.1.tgz"

crelt@^1.0.5:
  version "1.0.6"
  resolved "https://registry.npmjs.org/crelt/-/crelt-1.0.6.tgz"

debug@^4.3.4:
  version "4.3.4"
  resolved "https://registry.npmjs.org/debug/-/debug-4.3.4.tgz"
  dependencies:
    ms "2.1.2"

diagram-js-direct-editing@^2.1.1:
  version "2.1.1"
  resolved "https://registry.npmjs.org/diagram-js-direct-editing/-/diagram-js-direct-editing-2.1.1.tgz"
  dependencies:
    min-dash "^4.0.0"
    min-dom "^4.0.2"

diagram-js-grid@^1.0.0:
  version "1.0.0"
  resolved "https://registry.npmjs.org/diagram-js-grid/-/diagram-js-grid-1.0.0.tgz"
  dependencies:
    min-dash "^4.1.1"
    tiny-svg "^3.0.1"

diagram-js-minimap@^4.1.0:
  version "4.1.0"
  resolved "https://registry.npmjs.org/diagram-js-minimap/-/diagram-js-minimap-4.1.0.tgz"
  dependencies:
    hammerjs "^2.0.8"
    min-dash "^4.0.0"
    min-dom "^4.1.0"
    tiny-svg "^3.0.0"

diagram-js@^14.0.0:
  version "14.1.0"
  resolved "https://registry.npmjs.org/diagram-js/-/diagram-js-14.1.0.tgz"
  dependencies:
    "@bpmn-io/diagram-js-ui" "^0.2.2"
    clsx "^2.1.0"
    didi "^10.0.1"
    inherits-browser "^0.1.0"
    min-dash "^4.1.0"
    min-dom "^4.1.0"
    object-refs "^0.4.0"
    path-intersection "^3.0.0"
    tiny-svg "^3.0.1"

didi@^10.0.1:
  version "10.0.1"
  resolved "https://registry.npmjs.org/didi/-/didi-10.0.1.tgz"

dir-glob@^3.0.1:
  version "3.0.1"
  resolved "https://registry.npmjs.org/dir-glob/-/dir-glob-3.0.1.tgz"
  dependencies:
    path-type "^4.0.0"

domify@^1.4.1:
  version "1.4.1"
  resolved "https://registry.npmjs.org/domify/-/domify-1.4.1.tgz"

esbuild@0.20.1:
  version "0.20.1"
  resolved "https://registry.yarnpkg.com/esbuild/-/esbuild-0.20.1.tgz#1e4cbb380ad1959db7609cb9573ee77257724a3e"
  optionalDependencies:
    "@esbuild/aix-ppc64" "0.20.1"
    "@esbuild/android-arm" "0.20.1"
    "@esbuild/android-arm64" "0.20.1"
    "@esbuild/android-x64" "0.20.1"
    "@esbuild/darwin-arm64" "0.20.1"
    "@esbuild/darwin-x64" "0.20.1"
    "@esbuild/freebsd-arm64" "0.20.1"
    "@esbuild/freebsd-x64" "0.20.1"
    "@esbuild/linux-arm" "0.20.1"
    "@esbuild/linux-arm64" "0.20.1"
    "@esbuild/linux-ia32" "0.20.1"
    "@esbuild/linux-loong64" "0.20.1"
    "@esbuild/linux-mips64el" "0.20.1"
    "@esbuild/linux-ppc64" "0.20.1"
    "@esbuild/linux-riscv64" "0.20.1"
    "@esbuild/linux-s390x" "0.20.1"
    "@esbuild/linux-x64" "0.20.1"
    "@esbuild/netbsd-x64" "0.20.1"
    "@esbuild/openbsd-x64" "0.20.1"
    "@esbuild/sunos-x64" "0.20.1"
    "@esbuild/win32-arm64" "0.20.1"
    "@esbuild/win32-ia32" "0.20.1"
    "@esbuild/win32-x64" "0.20.1"

eslint-scope@^5.1.1:
  version "5.1.1"
  resolved "https://registry.npmjs.org/eslint-scope/-/eslint-scope-5.1.1.tgz"
  dependencies:
    esrecurse "^4.3.0"
    estraverse "^4.1.1"

eslint-utils@^3.0.0:
  version "3.0.0"
  resolved "https://registry.npmjs.org/eslint-utils/-/eslint-utils-3.0.0.tgz"
  dependencies:
    eslint-visitor-keys "^2.0.0"

eslint-visitor-keys@^2.0.0:
  version "2.1.0"
  resolved "https://registry.npmjs.org/eslint-visitor-keys/-/eslint-visitor-keys-2.1.0.tgz"

eslint-visitor-keys@^3.3.0:
  version "3.4.3"
  resolved "https://registry.npmjs.org/eslint-visitor-keys/-/eslint-visitor-keys-3.4.3.tgz"

esrecurse@^4.3.0:
  version "4.3.0"
  resolved "https://registry.npmjs.org/esrecurse/-/esrecurse-4.3.0.tgz"
  dependencies:
    estraverse "^5.2.0"

estraverse@^4.1.1:
  version "4.3.0"
  resolved "https://registry.npmjs.org/estraverse/-/estraverse-4.3.0.tgz"

estraverse@^5.2.0:
  version "5.3.0"
  resolved "https://registry.npmjs.org/estraverse/-/estraverse-5.3.0.tgz"

fast-glob@^3.2.9:
  version "3.3.1"
  resolved "https://registry.npmjs.org/fast-glob/-/fast-glob-3.3.1.tgz"
  dependencies:
    "@nodelib/fs.stat" "^2.0.2"
    "@nodelib/fs.walk" "^1.2.3"
    glob-parent "^5.1.2"
    merge2 "^1.3.0"
    micromatch "^4.0.4"

fastq@^1.6.0:
  version "1.15.0"
  resolved "https://registry.npmjs.org/fastq/-/fastq-1.15.0.tgz"
  dependencies:
    reusify "^1.0.4"

feelers@^1.3.0:
  version "1.3.0"
  resolved "https://registry.npmjs.org/feelers/-/feelers-1.3.0.tgz"
  dependencies:
    "@bpmn-io/cm-theme" "^0.1.0-alpha.2"
    "@bpmn-io/feel-lint" "^1.2.0"
    "@codemirror/autocomplete" "^6.10.1"
    "@codemirror/commands" "^6.3.0"
    "@codemirror/language" "^6.9.1"
    "@codemirror/lint" "^6.4.2"
    "@codemirror/state" "^6.3.0"
    "@codemirror/view" "^6.21.3"
    "@lezer/common" "^1.1.0"
    "@lezer/highlight" "^1.1.6"
    "@lezer/lr" "^1.3.13"
    "@lezer/markdown" "^1.1.0"
    feelin "^3.0.0"
    lezer-feel "^1.2.4"
    min-dom "^4.1.0"

feelin@^3.0.0:
  version "3.0.1"
  resolved "https://registry.npmjs.org/feelin/-/feelin-3.0.1.tgz"
  dependencies:
    "@lezer/lr" "^1.3.9"
    lezer-feel "^1.2.5"
    luxon "^3.1.0"

fill-range@^7.0.1:
  version "7.0.1"
  resolved "https://registry.npmjs.org/fill-range/-/fill-range-7.0.1.tgz"
  dependencies:
    to-regex-range "^5.0.1"

focus-trap@^7.5.2:
  version "7.5.3"
  resolved "https://registry.npmjs.org/focus-trap/-/focus-trap-7.5.3.tgz"
  dependencies:
    tabbable "^6.2.0"

functional-red-black-tree@^1.0.1:
  version "1.0.1"
  resolved "https://registry.npmjs.org/functional-red-black-tree/-/functional-red-black-tree-1.0.1.tgz"

glob-parent@^5.1.2:
  version "5.1.2"
  resolved "https://registry.npmjs.org/glob-parent/-/glob-parent-5.1.2.tgz"
  dependencies:
    is-glob "^4.0.1"

globby@^11.1.0:
  version "11.1.0"
  resolved "https://registry.npmjs.org/globby/-/globby-11.1.0.tgz"
  dependencies:
    array-union "^2.1.0"
    dir-glob "^3.0.1"
    fast-glob "^3.2.9"
    ignore "^5.2.0"
    merge2 "^1.4.1"
    slash "^3.0.0"

hammerjs@^2.0.8:
  version "2.0.8"
  resolved "https://registry.npmjs.org/hammerjs/-/hammerjs-2.0.8.tgz"

heatmap-ts@^0.0.5:
  version "0.0.5"
  resolved "https://registry.npmjs.org/heatmap-ts/-/heatmap-ts-0.0.5.tgz"

htm@^3.1.1:
  version "3.1.1"
  resolved "https://registry.npmjs.org/htm/-/htm-3.1.1.tgz"

ids@^1.0.5:
  version "1.0.5"
  resolved "https://registry.npmjs.org/ids/-/ids-1.0.5.tgz"

ignore@^5.2.0:
  version "5.2.4"
  resolved "https://registry.npmjs.org/ignore/-/ignore-5.2.4.tgz"

inherits-browser@^0.1.0:
  version "0.1.0"
  resolved "https://registry.npmjs.org/inherits-browser/-/inherits-browser-0.1.0.tgz"

is-extglob@^2.1.1:
  version "2.1.1"
  resolved "https://registry.npmjs.org/is-extglob/-/is-extglob-2.1.1.tgz"

is-glob@^4.0.1, is-glob@^4.0.3:
  version "4.0.3"
  resolved "https://registry.npmjs.org/is-glob/-/is-glob-4.0.3.tgz"
  dependencies:
    is-extglob "^2.1.1"

is-number@^7.0.0:
  version "7.0.0"
  resolved "https://registry.npmjs.org/is-number/-/is-number-7.0.0.tgz"

lang-feel@^2.0.0:
  version "2.0.0"
  resolved "https://registry.npmjs.org/lang-feel/-/lang-feel-2.0.0.tgz"
  dependencies:
    "@codemirror/autocomplete" "^6.9.1"
    "@codemirror/language" "^6.9.1"
    "@codemirror/state" "^6.2.1"
    "@codemirror/view" "^6.21.0"
    "@lezer/common" "^1.1.2"
    lezer-feel "^1.2.0"

lezer-feel@^1.2.0, lezer-feel@^1.2.3, lezer-feel@^1.2.4, lezer-feel@^1.2.5:
  version "1.2.5"
  resolved "https://registry.npmjs.org/lezer-feel/-/lezer-feel-1.2.5.tgz"
  dependencies:
    "@lezer/highlight" "^1.2.0"
    "@lezer/lr" "^1.4.0"

lru-cache@^6.0.0:
  version "6.0.0"
  resolved "https://registry.npmjs.org/lru-cache/-/lru-cache-6.0.0.tgz"
  dependencies:
    yallist "^4.0.0"

luxon@^3.1.0:
  version "3.4.4"
  resolved "https://registry.npmjs.org/luxon/-/luxon-3.4.4.tgz"

merge2@^1.3.0, merge2@^1.4.1:
  version "1.4.1"
  resolved "https://registry.npmjs.org/merge2/-/merge2-1.4.1.tgz"

micromatch@^4.0.4:
  version "4.0.5"
  resolved "https://registry.npmjs.org/micromatch/-/micromatch-4.0.5.tgz"
  dependencies:
    braces "^3.0.2"
    picomatch "^2.3.1"

min-dash@^4.0.0, min-dash@^4.1.0, min-dash@^4.1.1, min-dash@^4.2.1:
  version "4.2.1"
  resolved "https://registry.npmjs.org/min-dash/-/min-dash-4.2.1.tgz"

min-dom@^4.0.2, min-dom@^4.0.3, min-dom@^4.1.0:
  version "4.1.0"
  resolved "https://registry.npmjs.org/min-dom/-/min-dom-4.1.0.tgz"
  dependencies:
    component-event "^0.2.1"
    domify "^1.4.1"
    min-dash "^4.0.0"

moddle-xml@^10.1.0:
  version "10.1.0"
  resolved "https://registry.npmjs.org/moddle-xml/-/moddle-xml-10.1.0.tgz"
  dependencies:
    min-dash "^4.0.0"
    moddle "^6.0.0"
    saxen "^8.1.2"

moddle@^6.0.0, moddle@^6.2.3:
  version "6.2.3"
  resolved "https://registry.npmjs.org/moddle/-/moddle-6.2.3.tgz"
  dependencies:
    min-dash "^4.0.0"

moment@2.29.4:
  version "2.29.4"
  resolved "https://registry.npmjs.org/moment/-/moment-2.29.4.tgz"

ms@2.1.2:
  version "2.1.2"
  resolved "https://registry.npmjs.org/ms/-/ms-2.1.2.tgz"

object-refs@^0.4.0:
  version "0.4.0"
  resolved "https://registry.npmjs.org/object-refs/-/object-refs-0.4.0.tgz"

obsidian@latest:
  version "1.5.7-1"
  resolved "https://registry.yarnpkg.com/obsidian/-/obsidian-1.5.7-1.tgz#6e367f015f6a1b6b13204135434bbe3c04d4dfc3"
  dependencies:
    "@types/codemirror" "5.60.8"
    moment "2.29.4"

path-intersection@^3.0.0:
  version "3.0.0"
  resolved "https://registry.npmjs.org/path-intersection/-/path-intersection-3.0.0.tgz"

path-type@^4.0.0:
  version "4.0.0"
  resolved "https://registry.npmjs.org/path-type/-/path-type-4.0.0.tgz"

picomatch@^2.3.1:
  version "2.3.1"
  resolved "https://registry.npmjs.org/picomatch/-/picomatch-2.3.1.tgz"

preact@^10.11.2:
  version "10.17.1"
  resolved "https://registry.npmjs.org/preact/-/preact-10.17.1.tgz"

queue-microtask@^1.2.2:
  version "1.2.3"
  resolved "https://registry.npmjs.org/queue-microtask/-/queue-microtask-1.2.3.tgz"

randomcolor@^0.6.2:
  version "0.6.2"
  resolved "https://registry.npmjs.org/randomcolor/-/randomcolor-0.6.2.tgz"

regexpp@^3.2.0:
  version "3.2.0"
  resolved "https://registry.npmjs.org/regexpp/-/regexpp-3.2.0.tgz"

reusify@^1.0.4:
  version "1.0.4"
  resolved "https://registry.npmjs.org/reusify/-/reusify-1.0.4.tgz"

run-parallel@^1.1.9:
  version "1.2.0"
  resolved "https://registry.npmjs.org/run-parallel/-/run-parallel-1.2.0.tgz"
  dependencies:
    queue-microtask "^1.2.2"

saxen@^8.1.2:
  version "8.1.2"
  resolved "https://registry.npmjs.org/saxen/-/saxen-8.1.2.tgz"

semver@^7.3.7:
  version "7.5.4"
  resolved "https://registry.npmjs.org/semver/-/semver-7.5.4.tgz"
  dependencies:
    lru-cache "^6.0.0"

slash@^3.0.0:
  version "3.0.0"
  resolved "https://registry.npmjs.org/slash/-/slash-3.0.0.tgz"

style-mod@^4.0.0, style-mod@^4.1.0:
  version "4.1.0"
  resolved "https://registry.npmjs.org/style-mod/-/style-mod-4.1.0.tgz"

tabbable@^6.2.0:
  version "6.2.0"
  resolved "https://registry.npmjs.org/tabbable/-/tabbable-6.2.0.tgz"

tiny-svg@^3.0.0, tiny-svg@^3.0.1:
  version "3.0.1"
  resolved "https://registry.npmjs.org/tiny-svg/-/tiny-svg-3.0.1.tgz"

to-regex-range@^5.0.1:
  version "5.0.1"
  resolved "https://registry.npmjs.org/to-regex-range/-/to-regex-range-5.0.1.tgz"
  dependencies:
    is-number "^7.0.0"

tslib@2.6.2:
  version "2.6.2"
  resolved "https://registry.npmjs.org/tslib/-/tslib-2.6.2.tgz"

tslib@^1.8.1:
  version "1.14.1"
  resolved "https://registry.npmjs.org/tslib/-/tslib-1.14.1.tgz"

tsutils@^3.21.0:
  version "3.21.0"
  resolved "https://registry.npmjs.org/tsutils/-/tsutils-3.21.0.tgz"
  dependencies:
    tslib "^1.8.1"

typescript@5.3.3:
  version "5.3.3"
  resolved "https://registry.npmjs.org/typescript/-/typescript-5.3.3.tgz"

undici-types@~5.26.4:
  version "5.26.5"
  resolved "https://registry.npmjs.org/undici-types/-/undici-types-5.26.5.tgz"

w3c-keyname@^2.2.4:
  version "2.2.8"
  resolved "https://registry.npmjs.org/w3c-keyname/-/w3c-keyname-2.2.8.tgz"

yallist@^4.0.0:
  version "4.0.0"
  resolved "https://registry.npmjs.org/yallist/-/yallist-4.0.0.tgz"
